
Microsoft Visual Studio Solution File, Format Version 12.00
# Visual Studio Version 16
VisualStudioVersion = 16.0.32413.511
MinimumVisualStudioVersion = 10.0.40219.1
Project("{FAE04EC0-301F-11D3-BF4B-00C04F79EFBC}") = "SparePartsPOS", "SparePartsPOS\SparePartsPOS.csproj", "{984D265D-FA3A-4632-B55F-814E021DBCFF}"
EndProject
Global
	GlobalSection(SolutionConfigurationPlatforms) = preSolution
		Debug|Any CPU = Debug|Any CPU
		Release|Any CPU = Release|Any CPU
	EndGlobalSection
	GlobalSection(ProjectConfigurationPlatforms) = postSolution
		{984D265D-FA3A-4632-B55F-814E021DBCFF}.Debug|Any CPU.ActiveCfg = Debug|Any CPU
		{984D265D-FA3A-4632-B55F-814E021DBCFF}.Debug|Any CPU.Build.0 = Debug|Any CPU
		{984D265D-FA3A-4632-B55F-814E021DBCFF}.Release|Any CPU.ActiveCfg = Release|Any CPU
		{984D265D-FA3A-4632-B55F-814E021DBCFF}.Release|Any CPU.Build.0 = Release|Any CPU
	EndGlobalSection
	GlobalSection(SolutionProperties) = preSolution
		HideSolutionNode = FALSE
	EndGlobalSection
	GlobalSection(ExtensibilityGlobals) = postSolution
		SolutionGuid = {19AD690D-E293-4433-B95B-3BFE19FE1F5C}
	EndGlobalSection
EndGlobal
